{
  "name": "divide-et-quantifica",
  "version": "1.0.0",
  "lockfileVersion": 3,
  "requires": true,
  "packages": {
    "": {
      "name": "divide-et-quantifica",
      "version": "1.0.0",
      "dependencies": {
        "texlive": "^1.2.0"
      }
    },
    "node_modules/texlive": {
      "version": "1.2.0",
      "resolved": "https://registry.npmjs.org/texlive/-/texlive-1.2.0.tgz",
      "integrity": "sha512-hcs+WC419GgfGfW2oBFbi3LUbRBef7KK+1bqywd2iVTeAyDpGduRetHiBK5vaNNtSUFdsxXbvr3yESAv1CDGrw==",
      "license": "ISC",
      "dependencies": {
        "web-worker": "^1.0.0"
      }
    },
    "node_modules/web-worker": {
      "version": "1.5.0",
      "resolved": "https://registry.npmjs.org/web-worker/-/web-worker-1.5.0.tgz",
      "integrity": "sha512-RiMReJrTAiA+mBjGONMnjVDP2u3p9R1vkcGz6gDIrOMT3oGuYwX2WRMYI9ipkphSuE5XKEhydbhNEJh4NY9mlw==",
      "license": "Apache-2.0"
    }
  }
}
